# This file is automatically @generated by Cargo.
# It is not intended for manual editing.
version = 3

[[package]]
name = "aoc_utils"
version = "0.1.0"

[[package]]
name = "day01"
version = "0.1.0"
dependencies = [
 "aoc_utils",
]

[[package]]
name = "day02"
version = "0.1.0"
dependencies = [
 "aoc_utils",
]

[[package]]
name = "day03"
version = "0.1.0"
dependencies = [
 "aoc_utils",
]
